# This file is automatically @generated by Cargo.
# It is not intended for manual editing.
version = 3

[[package]]
name = "example"
version = "0.12345"
source = "registry+https://github.com/rust-lang/crates.io-index"
checksum = "1a8b4c6d7e9f12345abcdef67890"
dependencies = [
 "serde 1.0.180",
 "tokio 1.32.0",
 "clap 4.4.0",
]
